
Microsoft Visual Studio Solution File, Format Version 12.00
# Visual Studio Version 16
VisualStudioVersion = 16.0.29418.71
MinimumVisualStudioVersion = 10.0.40219.1
Project("{FAE04EC0-301F-11D3-BF4B-00C04F79EFBC}") = "HostingGame", "HostingGame\HostingGame.csproj", "{09EB1FDC-94D1-4469-9442-80158CC2FCA0}"
EndProject
Project("{FAE04EC0-301F-11D3-BF4B-00C04F79EFBC}") = "SharpUpdater", "SharpUpdater\SharpUpdater.csproj", "{402AC588-A200-485D-A579-7994ACBF1A76}"
EndProject
Global
	GlobalSection(SolutionConfigurationPlatforms) = preSolution
		Debug|Any CPU = Debug|Any CPU
		Release|Any CPU = Release|Any CPU
	EndGlobalSection
	GlobalSection(ProjectConfigurationPlatforms) = postSolution
		{09EB1FDC-94D1-4469-9442-80158CC2FCA0}.Debug|Any CPU.ActiveCfg = Debug|Any CPU
		{09EB1FDC-94D1-4469-9442-80158CC2FCA0}.Debug|Any CPU.Build.0 = Debug|Any CPU
		{09EB1FDC-94D1-4469-9442-80158CC2FCA0}.Release|Any CPU.ActiveCfg = Release|Any CPU
		{09EB1FDC-94D1-4469-9442-80158CC2FCA0}.Release|Any CPU.Build.0 = Release|Any CPU
		{402AC588-A200-485D-A579-7994ACBF1A76}.Debug|Any CPU.ActiveCfg = Debug|Any CPU
		{402AC588-A200-485D-A579-7994ACBF1A76}.Debug|Any CPU.Build.0 = Debug|Any CPU
		{402AC588-A200-485D-A579-7994ACBF1A76}.Release|Any CPU.ActiveCfg = Release|Any CPU
		{402AC588-A200-485D-A579-7994ACBF1A76}.Release|Any CPU.Build.0 = Release|Any CPU
	EndGlobalSection
	GlobalSection(SolutionProperties) = preSolution
		HideSolutionNode = FALSE
	EndGlobalSection
	GlobalSection(ExtensibilityGlobals) = postSolution
		SolutionGuid = {FFADE68C-8099-401A-9439-79789D427E1B}
	EndGlobalSection
EndGlobal
